// !$*UTF8*$!
{
	archiveVersion = 1;
	classes = {
	};
	objectVersion = 56;
	objects = {

/* Begin PBXBuildFile section */
		59344CC22AA63450002B283E /* AvocadosApp.swift in Sources */ = {isa = PBXBuildFile; fileRef = 59344CC12AA63450002B283E /* AvocadosApp.swift */; };
		59344CC42AA63450002B283E /* ContentView.swift in Sources */ = {isa = PBXBuildFile; fileRef = 59344CC32AA63450002B283E /* ContentView.swift */; };
		59344CC62AA63453002B283E /* Assets.xcassets in Resources */ = {isa = PBXBuildFile; fileRef = 59344CC52AA63453002B283E /* Assets.xcassets */; };
		59344CC92AA63453002B283E /* Preview Assets.xcassets in Resources */ = {isa = PBXBuildFile; fileRef = 59344CC82AA63453002B283E /* Preview Assets.xcassets */; };
		59344CD02AA6374B002B283E /* Launch Screen.storyboard in Resources */ = {isa = PBXBuildFile; fileRef = 59344CCF2AA6374B002B283E /* Launch Screen.storyboard */; };
		59344CD52AA63B37002B283E /* AvocadosView.swift in Sources */ = {isa = PBXBuildFile; fileRef = 59344CD42AA63B37002B283E /* AvocadosView.swift */; };
		59344CD72AA63B4A002B283E /* RipeningStagesView.swift in Sources */ = {isa = PBXBuildFile; fileRef = 59344CD62AA63B4A002B283E /* RipeningStagesView.swift */; };
		59344CD92AA63B5F002B283E /* SettingsView.swift in Sources */ = {isa = PBXBuildFile; fileRef = 59344CD82AA63B5F002B283E /* SettingsView.swift */; };
		59344CDB2AA63B6F002B283E /* AppView.swift in Sources */ = {isa = PBXBuildFile; fileRef = 59344CDA2AA63B6F002B283E /* AppView.swift */; };
		59344CDD2AA63FDB002B283E /* HeaderView.swift in Sources */ = {isa = PBXBuildFile; fileRef = 59344CDC2AA63FDB002B283E /* HeaderView.swift */; };
		59344CDF2AA64364002B283E /* HeaderModel.swift in Sources */ = {isa = PBXBuildFile; fileRef = 59344CDE2AA64364002B283E /* HeaderModel.swift */; };
		59344CE12AA64394002B283E /* HeaderData.swift in Sources */ = {isa = PBXBuildFile; fileRef = 59344CE02AA64394002B283E /* HeaderData.swift */; };
		59D2B35B2AA64766006551AA /* DishesView.swift in Sources */ = {isa = PBXBuildFile; fileRef = 59D2B35A2AA64766006551AA /* DishesView.swift */; };
		59D2B35D2AA64A64006551AA /* FactsView.swift in Sources */ = {isa = PBXBuildFile; fileRef = 59D2B35C2AA64A64006551AA /* FactsView.swift */; };
		59D2B35F2AA64C2E006551AA /* FactModel.swift in Sources */ = {isa = PBXBuildFile; fileRef = 59D2B35E2AA64C2E006551AA /* FactModel.swift */; };
		59D2B3612AA64C47006551AA /* FactData.swift in Sources */ = {isa = PBXBuildFile; fileRef = 59D2B3602AA64C47006551AA /* FactData.swift */; };
/* End PBXBuildFile section */

/* Begin PBXFileReference section */
		59344CBE2AA63450002B283E /* Avocados.app */ = {isa = PBXFileReference; explicitFileType = wrapper.application; includeInIndex = 0; path = Avocados.app; sourceTree = BUILT_PRODUCTS_DIR; };
		59344CC12AA63450002B283E /* AvocadosApp.swift */ = {isa = PBXFileReference; lastKnownFileType = sourcecode.swift; path = AvocadosApp.swift; sourceTree = "<group>"; };
		59344CC32AA63450002B283E /* ContentView.swift */ = {isa = PBXFileReference; lastKnownFileType = sourcecode.swift; path = ContentView.swift; sourceTree = "<group>"; };
		59344CC52AA63453002B283E /* Assets.xcassets */ = {isa = PBXFileReference; lastKnownFileType = folder.assetcatalog; path = Assets.xcassets; sourceTree = "<group>"; };
		59344CC82AA63453002B283E /* Preview Assets.xcassets */ = {isa = PBXFileReference; lastKnownFileType = folder.assetcatalog; path = "Preview Assets.xcassets"; sourceTree = "<group>"; };
		59344CCF2AA6374B002B283E /* Launch Screen.storyboard */ = {isa = PBXFileReference; lastKnownFileType = file.storyboard; path = "Launch Screen.storyboard"; sourceTree = "<group>"; };
		59344CD42AA63B37002B283E /* AvocadosView.swift */ = {isa = PBXFileReference; lastKnownFileType = sourcecode.swift; path = AvocadosView.swift; sourceTree = "<group>"; };
		59344CD62AA63B4A002B283E /* RipeningStagesView.swift */ = {isa = PBXFileReference; lastKnownFileType = sourcecode.swift; path = RipeningStagesView.swift; sourceTree = "<group>"; };
		59344CD82AA63B5F002B283E /* SettingsView.swift */ = {isa = PBXFileReference; lastKnownFileType = sourcecode.swift; path = SettingsView.swift; sourceTree = "<group>"; };
		59344CDA2AA63B6F002B283E /* AppView.swift */ = {isa = PBXFileReference; lastKnownFileType = sourcecode.swift; path = AppView.swift; sourceTree = "<group>"; };
		59344CDC2AA63FDB002B283E /* HeaderView.swift */ = {isa = PBXFileReference; lastKnownFileType = sourcecode.swift; path = HeaderView.swift; sourceTree = "<group>"; };
		59344CDE2AA64364002B283E /* HeaderModel.swift */ = {isa = PBXFileReference; lastKnownFileType = sourcecode.swift; path = HeaderModel.swift; sourceTree = "<group>"; };
		59344CE02AA64394002B283E /* HeaderData.swift */ = {isa = PBXFileReference; lastKnownFileType = sourcecode.swift; path = HeaderData.swift; sourceTree = "<group>"; };
		59D2B35A2AA64766006551AA /* DishesView.swift */ = {isa = PBXFileReference; lastKnownFileType = sourcecode.swift; path = DishesView.swift; sourceTree = "<group>"; };
		59D2B35C2AA64A64006551AA /* FactsView.swift */ = {isa = PBXFileReference; lastKnownFileType = sourcecode.swift; path = FactsView.swift; sourceTree = "<group>"; };
		59D2B35E2AA64C2E006551AA /* FactModel.swift */ = {isa = PBXFileReference; lastKnownFileType = sourcecode.swift; path = FactModel.swift; sourceTree = "<group>"; };
		59D2B3602AA64C47006551AA /* FactData.swift */ = {isa = PBXFileReference; lastKnownFileType = sourcecode.swift; path = FactData.swift; sourceTree = "<group>"; };
/* End PBXFileReference section */

/* Begin PBXFrameworksBuildPhase section */
		59344CBB2AA63450002B283E /* Frameworks */ = {
			isa = PBXFrameworksBuildPhase;
			buildActionMask = 2147483647;
			files = (
			);
			runOnlyForDeploymentPostprocessing = 0;
		};
/* End PBXFrameworksBuildPhase section */

/* Begin PBXGroup section */
		59344CB52AA63450002B283E = {
			isa = PBXGroup;
			children = (
				59344CC02AA63450002B283E /* Avocados */,
				59344CBF2AA63450002B283E /* Products */,
			);
			sourceTree = "<group>";
		};
		59344CBF2AA63450002B283E /* Products */ = {
			isa = PBXGroup;
			children = (
				59344CBE2AA63450002B283E /* Avocados.app */,
			);
			name = Products;
			sourceTree = "<group>";
		};
		59344CC02AA63450002B283E /* Avocados */ = {
			isa = PBXGroup;
			children = (
				59344CD32AA63B19002B283E /* View */,
				59344CD22AA63B14002B283E /* Modal */,
				59344CD12AA63B10002B283E /* Data */,
				59344CCF2AA6374B002B283E /* Launch Screen.storyboard */,
				59344CC12AA63450002B283E /* AvocadosApp.swift */,
				59344CC52AA63453002B283E /* Assets.xcassets */,
				59344CC72AA63453002B283E /* Preview Content */,
			);
			path = Avocados;
			sourceTree = "<group>";
		};
		59344CC72AA63453002B283E /* Preview Content */ = {
			isa = PBXGroup;
			children = (
				59344CC82AA63453002B283E /* Preview Assets.xcassets */,
			);
			path = "Preview Content";
			sourceTree = "<group>";
		};
		59344CD12AA63B10002B283E /* Data */ = {
			isa = PBXGroup;
			children = (
				59344CE02AA64394002B283E /* HeaderData.swift */,
				59D2B3602AA64C47006551AA /* FactData.swift */,
			);
			path = Data;
			sourceTree = "<group>";
		};
		59344CD22AA63B14002B283E /* Modal */ = {
			isa = PBXGroup;
			children = (
				59344CDE2AA64364002B283E /* HeaderModel.swift */,
				59D2B35E2AA64C2E006551AA /* FactModel.swift */,
			);
			path = Modal;
			sourceTree = "<group>";
		};
		59344CD32AA63B19002B283E /* View */ = {
			isa = PBXGroup;
			children = (
				59344CC32AA63450002B283E /* ContentView.swift */,
				59344CD42AA63B37002B283E /* AvocadosView.swift */,
				59344CD62AA63B4A002B283E /* RipeningStagesView.swift */,
				59344CD82AA63B5F002B283E /* SettingsView.swift */,
				59344CDA2AA63B6F002B283E /* AppView.swift */,
				59344CDC2AA63FDB002B283E /* HeaderView.swift */,
				59D2B35A2AA64766006551AA /* DishesView.swift */,
				59D2B35C2AA64A64006551AA /* FactsView.swift */,
			);
			path = View;
			sourceTree = "<group>";
		};
/* End PBXGroup section */

/* Begin PBXNativeTarget section */
		59344CBD2AA63450002B283E /* Avocados */ = {
			isa = PBXNativeTarget;
			buildConfigurationList = 59344CCC2AA63453002B283E /* Build configuration list for PBXNativeTarget "Avocados" */;
			buildPhases = (
				59344CBA2AA63450002B283E /* Sources */,
				59344CBB2AA63450002B283E /* Frameworks */,
				59344CBC2AA63450002B283E /* Resources */,
			);
			buildRules = (
			);
			dependencies = (
			);
			name = Avocados;
			productName = Avocados;
			productReference = 59344CBE2AA63450002B283E /* Avocados.app */;
			productType = "com.apple.product-type.application";
		};
/* End PBXNativeTarget section */

/* Begin PBXProject section */
		59344CB62AA63450002B283E /* Project object */ = {
			isa = PBXProject;
			attributes = {
				BuildIndependentTargetsInParallel = 1;
				LastSwiftUpdateCheck = 1500;
				LastUpgradeCheck = 1500;
				TargetAttributes = {
					59344CBD2AA63450002B283E = {
						CreatedOnToolsVersion = 15.0;
					};
				};
			};
			buildConfigurationList = 59344CB92AA63450002B283E /* Build configuration list for PBXProject "Avocados" */;
			compatibilityVersion = "Xcode 14.0";
			developmentRegion = en;
			hasScannedForEncodings = 0;
			knownRegions = (
				en,
				Base,
			);
			mainGroup = 59344CB52AA63450002B283E;
			productRefGroup = 59344CBF2AA63450002B283E /* Products */;
			projectDirPath = "";
			projectRoot = "";
			targets = (
				59344CBD2AA63450002B283E /* Avocados */,
			);
		};
/* End PBXProject section */

/* Begin PBXResourcesBuildPhase section */
		59344CBC2AA63450002B283E /* Resources */ = {
			isa = PBXResourcesBuildPhase;
			buildActionMask = 2147483647;
			files = (
				59344CD02AA6374B002B283E /* Launch Screen.storyboard in Resources */,
				59344CC92AA63453002B283E /* Preview Assets.xcassets in Resources */,
				59344CC62AA63453002B283E /* Assets.xcassets in Resources */,
			);
			runOnlyForDeploymentPostprocessing = 0;
		};
/* End PBXResourcesBuildPhase section */

/* Begin PBXSourcesBuildPhase section */
		59344CBA2AA63450002B283E /* Sources */ = {
			isa = PBXSourcesBuildPhase;
			buildActionMask = 2147483647;
			files = (
				59344CD92AA63B5F002B283E /* SettingsView.swift in Sources */,
				59344CC42AA63450002B283E /* ContentView.swift in Sources */,
				59344CDB2AA63B6F002B283E /* AppView.swift in Sources */,
				59344CD72AA63B4A002B283E /* RipeningStagesView.swift in Sources */,
				59344CC22AA63450002B283E /* AvocadosApp.swift in Sources */,
				59344CD52AA63B37002B283E /* AvocadosView.swift in Sources */,
				59344CDF2AA64364002B283E /* HeaderModel.swift in Sources */,
				59344CE12AA64394002B283E /* HeaderData.swift in Sources */,
				59D2B35B2AA64766006551AA /* DishesView.swift in Sources */,
				59D2B35F2AA64C2E006551AA /* FactModel.swift in Sources */,
				59D2B35D2AA64A64006551AA /* FactsView.swift in Sources */,
				59344CDD2AA63FDB002B283E /* HeaderView.swift in Sources */,
				59D2B3612AA64C47006551AA /* FactData.swift in Sources */,
			);
			runOnlyForDeploymentPostprocessing = 0;
		};
/* End PBXSourcesBuildPhase section */

/* Begin XCBuildConfiguration section */
		59344CCA2AA63453002B283E /* Debug */ = {
			isa = XCBuildConfiguration;
			buildSettings = {
				ALWAYS_SEARCH_USER_PATHS = NO;
				ASSETCATALOG_COMPILER_GENERATE_SWIFT_ASSET_SYMBOL_EXTENSIONS = YES;
				CLANG_ANALYZER_NONNULL = YES;
				CLANG_ANALYZER_NUMBER_OBJECT_CONVERSION = YES_AGGRESSIVE;
				CLANG_CXX_LANGUAGE_STANDARD = "gnu++20";
				CLANG_ENABLE_MODULES = YES;
				CLANG_ENABLE_OBJC_ARC = YES;
				CLANG_ENABLE_OBJC_WEAK = YES;
				CLANG_WARN_BLOCK_CAPTURE_AUTORELEASING = YES;
				CLANG_WARN_BOOL_CONVERSION = YES;
				CLANG_WARN_COMMA = YES;
				CLANG_WARN_CONSTANT_CONVERSION = YES;
				CLANG_WARN_DEPRECATED_OBJC_IMPLEMENTATIONS = YES;
				CLANG_WARN_DIRECT_OBJC_ISA_USAGE = YES_ERROR;
				CLANG_WARN_DOCUMENTATION_COMMENTS = YES;
				CLANG_WARN_EMPTY_BODY = YES;
				CLANG_WARN_ENUM_CONVERSION = YES;
				CLANG_WARN_INFINITE_RECURSION = YES;
				CLANG_WARN_INT_CONVERSION = YES;
				CLANG_WARN_NON_LITERAL_NULL_CONVERSION = YES;
				CLANG_WARN_OBJC_IMPLICIT_RETAIN_SELF = YES;
				CLANG_WARN_OBJC_LITERAL_CONVERSION = YES;
				CLANG_WARN_OBJC_ROOT_CLASS = YES_ERROR;
				CLANG_WARN_QUOTED_INCLUDE_IN_FRAMEWORK_HEADER = YES;
				CLANG_WARN_RANGE_LOOP_ANALYSIS = YES;
				CLANG_WARN_STRICT_PROTOTYPES = YES;
				CLANG_WARN_SUSPICIOUS_MOVE = YES;
				CLANG_WARN_UNGUARDED_AVAILABILITY = YES_AGGRESSIVE;
				CLANG_WARN_UNREACHABLE_CODE = YES;
				CLANG_WARN__DUPLICATE_METHOD_MATCH = YES;
				COPY_PHASE_STRIP = NO;
				DEBUG_INFORMATION_FORMAT = dwarf;
				ENABLE_STRICT_OBJC_MSGSEND = YES;
				ENABLE_TESTABILITY = YES;
				ENABLE_USER_SCRIPT_SANDBOXING = YES;
				GCC_C_LANGUAGE_STANDARD = gnu17;
				GCC_DYNAMIC_NO_PIC = NO;
				GCC_NO_COMMON_BLOCKS = YES;
				GCC_OPTIMIZATION_LEVEL = 0;
				GCC_PREPROCESSOR_DEFINITIONS = (
					"DEBUG=1",
					"$(inherited)",
				);
				GCC_WARN_64_TO_32_BIT_CONVERSION = YES;
				GCC_WARN_ABOUT_RETURN_TYPE = YES_ERROR;
				GCC_WARN_UNDECLARED_SELECTOR = YES;
				GCC_WARN_UNINITIALIZED_AUTOS = YES_AGGRESSIVE;
				GCC_WARN_UNUSED_FUNCTION = YES;
				GCC_WARN_UNUSED_VARIABLE = YES;
				IPHONEOS_DEPLOYMENT_TARGET = 16.0;
				LOCALIZATION_PREFERS_STRING_CATALOGS = YES;
				MTL_ENABLE_DEBUG_INFO = INCLUDE_SOURCE;
				MTL_FAST_MATH = YES;
				ONLY_ACTIVE_ARCH = YES;
				SDKROOT = iphoneos;
				SWIFT_ACTIVE_COMPILATION_CONDITIONS = "DEBUG $(inherited)";
				SWIFT_OPTIMIZATION_LEVEL = "-Onone";
			};
			name = Debug;
		};
		59344CCB2AA63453002B283E /* Release */ = {
			isa = XCBuildConfiguration;
			buildSettings = {
				ALWAYS_SEARCH_USER_PATHS = NO;
				ASSETCATALOG_COMPILER_GENERATE_SWIFT_ASSET_SYMBOL_EXTENSIONS = YES;
				CLANG_ANALYZER_NONNULL = YES;
				CLANG_ANALYZER_NUMBER_OBJECT_CONVERSION = YES_AGGRESSIVE;
				CLANG_CXX_LANGUAGE_STANDARD = "gnu++20";
				CLANG_ENABLE_MODULES = YES;
				CLANG_ENABLE_OBJC_ARC = YES;
				CLANG_ENABLE_OBJC_WEAK = YES;
				CLANG_WARN_BLOCK_CAPTURE_AUTORELEASING = YES;
				CLANG_WARN_BOOL_CONVERSION = YES;
				CLANG_WARN_COMMA = YES;
				CLANG_WARN_CONSTANT_CONVERSION = YES;
				CLANG_WARN_DEPRECATED_OBJC_IMPLEMENTATIONS = YES;
				CLANG_WARN_DIRECT_OBJC_ISA_USAGE = YES_ERROR;
				CLANG_WARN_DOCUMENTATION_COMMENTS = YES;
				CLANG_WARN_EMPTY_BODY = YES;
				CLANG_WARN_ENUM_CONVERSION = YES;
				CLANG_WARN_INFINITE_RECURSION = YES;
				CLANG_WARN_INT_CONVERSION = YES;
				CLANG_WARN_NON_LITERAL_NULL_CONVERSION = YES;
				CLANG_WARN_OBJC_IMPLICIT_RETAIN_SELF = YES;
				CLANG_WARN_OBJC_LITERAL_CONVERSION = YES;
				CLANG_WARN_OBJC_ROOT_CLASS = YES_ERROR;
				CLANG_WARN_QUOTED_INCLUDE_IN_FRAMEWORK_HEADER = YES;
				CLANG_WARN_RANGE_LOOP_ANALYSIS = YES;
				CLANG_WARN_STRICT_PROTOTYPES = YES;
				CLANG_WARN_SUSPICIOUS_MOVE = YES;
				CLANG_WARN_UNGUARDED_AVAILABILITY = YES_AGGRESSIVE;
				CLANG_WARN_UNREACHABLE_CODE = YES;
				CLANG_WARN__DUPLICATE_METHOD_MATCH = YES;
				COPY_PHASE_STRIP = NO;
				DEBUG_INFORMATION_FORMAT = "dwarf-with-dsym";
				ENABLE_NS_ASSERTIONS = NO;
				ENABLE_STRICT_OBJC_MSGSEND = YES;
				ENABLE_USER_SCRIPT_SANDBOXING = YES;
				GCC_C_LANGUAGE_STANDARD = gnu17;
				GCC_NO_COMMON_BLOCKS = YES;
				GCC_WARN_64_TO_32_BIT_CONVERSION = YES;
				GCC_WARN_ABOUT_RETURN_TYPE = YES_ERROR;
				GCC_WARN_UNDECLARED_SELECTOR = YES;
				GCC_WARN_UNINITIALIZED_AUTOS = YES_AGGRESSIVE;
				GCC_WARN_UNUSED_FUNCTION = YES;
				GCC_WARN_UNUSED_VARIABLE = YES;
				IPHONEOS_DEPLOYMENT_TARGET = 16.0;
				LOCALIZATION_PREFERS_STRING_CATALOGS = YES;
				MTL_ENABLE_DEBUG_INFO = NO;
				MTL_FAST_MATH = YES;
				SDKROOT = iphoneos;
				SWIFT_COMPILATION_MODE = wholemodule;
				VALIDATE_PRODUCT = YES;
			};
			name = Release;
		};
		59344CCD2AA63453002B283E /* Debug */ = {
			isa = XCBuildConfiguration;
			buildSettings = {
				ASSETCATALOG_COMPILER_APPICON_NAME = AppIcon;
				ASSETCATALOG_COMPILER_GLOBAL_ACCENT_COLOR_NAME = AccentColor;
				ASSETCATALOG_COMPILER_INCLUDE_ALL_APPICON_ASSETS = YES;
				CODE_SIGN_STYLE = Automatic;
				CURRENT_PROJECT_VERSION = 1;
				DEVELOPMENT_ASSET_PATHS = "\"Avocados/Preview Content\"";
				DEVELOPMENT_TEAM = K3URZZFDQP;
				ENABLE_PREVIEWS = YES;
				GENERATE_INFOPLIST_FILE = YES;
				INFOPLIST_KEY_LSApplicationCategoryType = "public.app-category.lifestyle";
				INFOPLIST_KEY_UIApplicationSceneManifest_Generation = YES;
				INFOPLIST_KEY_UIApplicationSupportsIndirectInputEvents = YES;
				INFOPLIST_KEY_UILaunchScreen_Generation = YES;
				INFOPLIST_KEY_UILaunchStoryboardName = "Launch Screen.storyboard";
				INFOPLIST_KEY_UIRequiresFullScreen = NO;
				INFOPLIST_KEY_UISupportedInterfaceOrientations = UIInterfaceOrientationPortrait;
				INFOPLIST_KEY_UISupportedInterfaceOrientations_iPad = "UIInterfaceOrientationPortrait UIInterfaceOrientationPortraitUpsideDown";
				LD_RUNPATH_SEARCH_PATHS = (
					"$(inherited)",
					"@executable_path/Frameworks",
				);
				MARKETING_VERSION = 1.0;
				PRODUCT_BUNDLE_IDENTIFIER = dev.tugan.demo.Avocados;
				PRODUCT_NAME = "$(TARGET_NAME)";
				SUPPORTED_PLATFORMS = "iphoneos iphonesimulator";
				SUPPORTS_MACCATALYST = NO;
				SUPPORTS_MAC_DESIGNED_FOR_IPHONE_IPAD = NO;
				SUPPORTS_XR_DESIGNED_FOR_IPHONE_IPAD = NO;
				SWIFT_EMIT_LOC_STRINGS = YES;
				SWIFT_VERSION = 5.0;
				TARGETED_DEVICE_FAMILY = "1,2";
			};
			name = Debug;
		};
		59344CCE2AA63453002B283E /* Release */ = {
			isa = XCBuildConfiguration;
			buildSettings = {
				ASSETCATALOG_COMPILER_APPICON_NAME = AppIcon;
				ASSETCATALOG_COMPILER_GLOBAL_ACCENT_COLOR_NAME = AccentColor;
				ASSETCATALOG_COMPILER_INCLUDE_ALL_APPICON_ASSETS = YES;
				CODE_SIGN_STYLE = Automatic;
				CURRENT_PROJECT_VERSION = 1;
				DEVELOPMENT_ASSET_PATHS = "\"Avocados/Preview Content\"";
				DEVELOPMENT_TEAM = K3URZZFDQP;
				ENABLE_PREVIEWS = YES;
				GENERATE_INFOPLIST_FILE = YES;
				INFOPLIST_KEY_LSApplicationCategoryType = "public.app-category.lifestyle";
				INFOPLIST_KEY_UIApplicationSceneManifest_Generation = YES;
				INFOPLIST_KEY_UIApplicationSupportsIndirectInputEvents = YES;
				INFOPLIST_KEY_UILaunchScreen_Generation = YES;
				INFOPLIST_KEY_UILaunchStoryboardName = "Launch Screen.storyboard";
				INFOPLIST_KEY_UIRequiresFullScreen = NO;
				INFOPLIST_KEY_UISupportedInterfaceOrientations = UIInterfaceOrientationPortrait;
				INFOPLIST_KEY_UISupportedInterfaceOrientations_iPad = "UIInterfaceOrientationPortrait UIInterfaceOrientationPortraitUpsideDown";
				LD_RUNPATH_SEARCH_PATHS = (
					"$(inherited)",
					"@executable_path/Frameworks",
				);
				MARKETING_VERSION = 1.0;
				PRODUCT_BUNDLE_IDENTIFIER = dev.tugan.demo.Avocados;
				PRODUCT_NAME = "$(TARGET_NAME)";
				SUPPORTED_PLATFORMS = "iphoneos iphonesimulator";
				SUPPORTS_MACCATALYST = NO;
				SUPPORTS_MAC_DESIGNED_FOR_IPHONE_IPAD = NO;
				SUPPORTS_XR_DESIGNED_FOR_IPHONE_IPAD = NO;
				SWIFT_EMIT_LOC_STRINGS = YES;
				SWIFT_VERSION = 5.0;
				TARGETED_DEVICE_FAMILY = "1,2";
			};
			name = Release;
		};
/* End XCBuildConfiguration section */

/* Begin XCConfigurationList section */
		59344CB92AA63450002B283E /* Build configuration list for PBXProject "Avocados" */ = {
			isa = XCConfigurationList;
			buildConfigurations = (
				59344CCA2AA63453002B283E /* Debug */,
				59344CCB2AA63453002B283E /* Release */,
			);
			defaultConfigurationIsVisible = 0;
			defaultConfigurationName = Release;
		};
		59344CCC2AA63453002B283E /* Build configuration list for PBXNativeTarget "Avocados" */ = {
			isa = XCConfigurationList;
			buildConfigurations = (
				59344CCD2AA63453002B283E /* Debug */,
				59344CCE2AA63453002B283E /* Release */,
			);
			defaultConfigurationIsVisible = 0;
			defaultConfigurationName = Release;
		};
/* End XCConfigurationList section */
	};
	rootObject = 59344CB62AA63450002B283E /* Project object */;
}
